
Microsoft Visual Studio Solution File, Format Version 12.00
# Visual Studio Version 17
VisualStudioVersion = 17.5.33627.172
MinimumVisualStudioVersion = 10.0.40219.1
Project("{9A19103F-16F7-4668-BE54-9A1E7A4F7556}") = "FFXIVMacroController", "FFXIVMacroController\FFXIVMacroController.csproj", "{39321A9B-5018-4F7F-BDFD-0B27A9E63F83}"
EndProject
Project("{9A19103F-16F7-4668-BE54-9A1E7A4F7556}") = "FFXIVMacroController.Grunt", "FFXIVMacroController.Grunt\FFXIVMacroController.Grunt.csproj", "{70F48AA7-F7FE-4516-9058-38824544C79A}"
EndProject
Project("{9A19103F-16F7-4668-BE54-9A1E7A4F7556}") = "FFXIVMacroController.Pigeonhole", "FFXIVMacroController.Pigeonhole\FFXIVMacroController.Pigeonhole.csproj", "{AF341166-33C4-4FF7-ADD5-F6F4D33753C3}"
EndProject
Project("{9A19103F-16F7-4668-BE54-9A1E7A4F7556}") = "FFXIVMacroController.Quotidian", "FFXIVMacroController.Quotidian\FFXIVMacroController.Quotidian.csproj", "{F1B8BB01-FF8B-44D7-9B70-A1F2924B608B}"
EndProject
Project("{9A19103F-16F7-4668-BE54-9A1E7A4F7556}") = "FFXIVMacroController.Seer", "FFXIVMacroController.Seer\FFXIVMacroController.Seer.csproj", "{49EA1454-FEFB-4F58-B02A-ADB61F61334F}"
EndProject
Global
	GlobalSection(SolutionConfigurationPlatforms) = preSolution
		Debug|Any CPU = Debug|Any CPU
		Debug|x64 = Debug|x64
		Release|Any CPU = Release|Any CPU
		Release|x64 = Release|x64
	EndGlobalSection
	GlobalSection(ProjectConfigurationPlatforms) = postSolution
		{39321A9B-5018-4F7F-BDFD-0B27A9E63F83}.Debug|Any CPU.ActiveCfg = Debug|Any CPU
		{39321A9B-5018-4F7F-BDFD-0B27A9E63F83}.Debug|Any CPU.Build.0 = Debug|Any CPU
		{39321A9B-5018-4F7F-BDFD-0B27A9E63F83}.Debug|x64.ActiveCfg = Debug|Any CPU
		{39321A9B-5018-4F7F-BDFD-0B27A9E63F83}.Debug|x64.Build.0 = Debug|Any CPU
		{39321A9B-5018-4F7F-BDFD-0B27A9E63F83}.Release|Any CPU.ActiveCfg = Release|Any CPU
		{39321A9B-5018-4F7F-BDFD-0B27A9E63F83}.Release|Any CPU.Build.0 = Release|Any CPU
		{39321A9B-5018-4F7F-BDFD-0B27A9E63F83}.Release|x64.ActiveCfg = Release|Any CPU
		{39321A9B-5018-4F7F-BDFD-0B27A9E63F83}.Release|x64.Build.0 = Release|Any CPU
		{70F48AA7-F7FE-4516-9058-38824544C79A}.Debug|Any CPU.ActiveCfg = Debug|x64
		{70F48AA7-F7FE-4516-9058-38824544C79A}.Debug|Any CPU.Build.0 = Debug|x64
		{70F48AA7-F7FE-4516-9058-38824544C79A}.Debug|x64.ActiveCfg = Debug|x64
		{70F48AA7-F7FE-4516-9058-38824544C79A}.Debug|x64.Build.0 = Debug|x64
		{70F48AA7-F7FE-4516-9058-38824544C79A}.Release|Any CPU.ActiveCfg = Release|x64
		{70F48AA7-F7FE-4516-9058-38824544C79A}.Release|Any CPU.Build.0 = Release|x64
		{70F48AA7-F7FE-4516-9058-38824544C79A}.Release|x64.ActiveCfg = Release|x64
		{70F48AA7-F7FE-4516-9058-38824544C79A}.Release|x64.Build.0 = Release|x64
		{AF341166-33C4-4FF7-ADD5-F6F4D33753C3}.Debug|Any CPU.ActiveCfg = Debug|x64
		{AF341166-33C4-4FF7-ADD5-F6F4D33753C3}.Debug|Any CPU.Build.0 = Debug|x64
		{AF341166-33C4-4FF7-ADD5-F6F4D33753C3}.Debug|x64.ActiveCfg = Debug|x64
		{AF341166-33C4-4FF7-ADD5-F6F4D33753C3}.Debug|x64.Build.0 = Debug|x64
		{AF341166-33C4-4FF7-ADD5-F6F4D33753C3}.Release|Any CPU.ActiveCfg = Release|x64
		{AF341166-33C4-4FF7-ADD5-F6F4D33753C3}.Release|Any CPU.Build.0 = Release|x64
		{AF341166-33C4-4FF7-ADD5-F6F4D33753C3}.Release|x64.ActiveCfg = Release|x64
		{AF341166-33C4-4FF7-ADD5-F6F4D33753C3}.Release|x64.Build.0 = Release|x64
		{F1B8BB01-FF8B-44D7-9B70-A1F2924B608B}.Debug|Any CPU.ActiveCfg = Debug|x64
		{F1B8BB01-FF8B-44D7-9B70-A1F2924B608B}.Debug|Any CPU.Build.0 = Debug|x64
		{F1B8BB01-FF8B-44D7-9B70-A1F2924B608B}.Debug|x64.ActiveCfg = Debug|x64
		{F1B8BB01-FF8B-44D7-9B70-A1F2924B608B}.Debug|x64.Build.0 = Debug|x64
		{F1B8BB01-FF8B-44D7-9B70-A1F2924B608B}.Release|Any CPU.ActiveCfg = Release|x64
		{F1B8BB01-FF8B-44D7-9B70-A1F2924B608B}.Release|Any CPU.Build.0 = Release|x64
		{F1B8BB01-FF8B-44D7-9B70-A1F2924B608B}.Release|x64.ActiveCfg = Release|x64
		{F1B8BB01-FF8B-44D7-9B70-A1F2924B608B}.Release|x64.Build.0 = Release|x64
		{49EA1454-FEFB-4F58-B02A-ADB61F61334F}.Debug|Any CPU.ActiveCfg = Debug|x64
		{49EA1454-FEFB-4F58-B02A-ADB61F61334F}.Debug|Any CPU.Build.0 = Debug|x64
		{49EA1454-FEFB-4F58-B02A-ADB61F61334F}.Debug|x64.ActiveCfg = Debug|x64
		{49EA1454-FEFB-4F58-B02A-ADB61F61334F}.Debug|x64.Build.0 = Debug|x64
		{49EA1454-FEFB-4F58-B02A-ADB61F61334F}.Release|Any CPU.ActiveCfg = Release|x64
		{49EA1454-FEFB-4F58-B02A-ADB61F61334F}.Release|Any CPU.Build.0 = Release|x64
		{49EA1454-FEFB-4F58-B02A-ADB61F61334F}.Release|x64.ActiveCfg = Release|x64
		{49EA1454-FEFB-4F58-B02A-ADB61F61334F}.Release|x64.Build.0 = Release|x64
	EndGlobalSection
	GlobalSection(SolutionProperties) = preSolution
		HideSolutionNode = FALSE
	EndGlobalSection
	GlobalSection(ExtensibilityGlobals) = postSolution
		SolutionGuid = {1F1FE36C-9DCE-4968-8F50-649C16BBED20}
	EndGlobalSection
EndGlobal
